
Microsoft Visual Studio Solution File, Format Version 12.00
# Visual Studio Version 16
VisualStudioVersion = 16.0.31019.35
MinimumVisualStudioVersion = 10.0.40219.1
Project("{FAE04EC0-301F-11D3-BF4B-00C04F79EFBC}") = "StudentManagSystem", "StudentManagSystem\StudentManagSystem.csproj", "{5FBA9098-B4FD-490C-903B-476331AF36ED}"
EndProject
Global
	GlobalSection(SolutionConfigurationPlatforms) = preSolution
		Debug|Any CPU = Debug|Any CPU
		Release|Any CPU = Release|Any CPU
	EndGlobalSection
	GlobalSection(ProjectConfigurationPlatforms) = postSolution
		{5FBA9098-B4FD-490C-903B-476331AF36ED}.Debug|Any CPU.ActiveCfg = Debug|Any CPU
		{5FBA9098-B4FD-490C-903B-476331AF36ED}.Debug|Any CPU.Build.0 = Debug|Any CPU
		{5FBA9098-B4FD-490C-903B-476331AF36ED}.Release|Any CPU.ActiveCfg = Release|Any CPU
		{5FBA9098-B4FD-490C-903B-476331AF36ED}.Release|Any CPU.Build.0 = Release|Any CPU
	EndGlobalSection
	GlobalSection(SolutionProperties) = preSolution
		HideSolutionNode = FALSE
	EndGlobalSection
	GlobalSection(ExtensibilityGlobals) = postSolution
		SolutionGuid = {7AC85478-83E3-4046-8372-E158960D74EB}
	EndGlobalSection
EndGlobal
